
Microsoft Visual Studio Solution File, Format Version 12.00
# Visual Studio 15
VisualStudioVersion = 15.0.28307.271
MinimumVisualStudioVersion = 10.0.40219.1
Project("{FAE04EC0-301F-11D3-BF4B-00C04F79EFBC}") = "ConsoleApp11", "ConsoleApp11\ConsoleApp11.csproj", "{77FFF43B-D335-4ECC-A66A-37B889D20C01}"
EndProject
Global
	GlobalSection(SolutionConfigurationPlatforms) = preSolution
		Debug|Any CPU = Debug|Any CPU
		Release|Any CPU = Release|Any CPU
	EndGlobalSection
	GlobalSection(ProjectConfigurationPlatforms) = postSolution
		{77FFF43B-D335-4ECC-A66A-37B889D20C01}.Debug|Any CPU.ActiveCfg = Debug|Any CPU
		{77FFF43B-D335-4ECC-A66A-37B889D20C01}.Debug|Any CPU.Build.0 = Debug|Any CPU
		{77FFF43B-D335-4ECC-A66A-37B889D20C01}.Release|Any CPU.ActiveCfg = Release|Any CPU
		{77FFF43B-D335-4ECC-A66A-37B889D20C01}.Release|Any CPU.Build.0 = Release|Any CPU
	EndGlobalSection
	GlobalSection(SolutionProperties) = preSolution
		HideSolutionNode = FALSE
	EndGlobalSection
	GlobalSection(ExtensibilityGlobals) = postSolution
		SolutionGuid = {0024404F-B9FD-4A61-AFCD-26D1661113F8}
	EndGlobalSection
EndGlobal
